{
  "version": 4,
  "terraform_version": "0.12.20",
  "serial": 225,
  "lineage": "bf0b34ba-58da-c008-054f-1610f0128296",
  "outputs": {
    "conn_serv": {
      "value": "ec2-34-220-235-81.us-west-2.compute.amazonaws.com",
      "type": "string"
    }
  },
  "resources": [
    {
      "mode": "managed",
      "type": "aws_instance",
      "name": "linux_academy_playground_server",
      "provider": "provider.aws",
      "instances": [
        {
          "schema_version": 1,
          "attributes": {
            "ami": "ami-047f9f2f5072dd073",
            "arn": "arn:aws:ec2:us-west-2:777829610915:instance/i-0eadc40e3f9b4fa5f",
            "associate_public_ip_address": true,
            "availability_zone": "us-west-2b",
            "cpu_core_count": 1,
            "cpu_threads_per_core": 1,
            "credit_specification": [],
            "disable_api_termination": false,
            "ebs_block_device": [
              {
                "delete_on_termination": true,
                "device_name": "/dev/xvdb",
                "encrypted": true,
                "iops": 100,
                "kms_key_id": "arn:aws:kms:us-west-2:777829610915:key/06f62793-389d-48b6-b661-7cb130b25b55",
                "snapshot_id": "",
                "volume_id": "vol-0eb11f3f284192ebc",
                "volume_size": 30,
                "volume_type": "gp2"
              }
            ],
            "ebs_optimized": false,
            "ephemeral_block_device": [],
            "get_password_data": false,
            "host_id": null,
            "iam_instance_profile": "",
            "id": "i-0eadc40e3f9b4fa5f",
            "instance_initiated_shutdown_behavior": null,
            "instance_state": "running",
            "instance_type": "a1.medium",
            "ipv6_address_count": 0,
            "ipv6_addresses": [],
            "key_name": "t480-laptop-default",
            "monitoring": false,
            "network_interface": [],
            "network_interface_id": null,
            "password_data": "",
            "placement_group": "",
            "primary_network_interface_id": "eni-02883e73779842834",
            "private_dns": "ip-172-31-41-63.us-west-2.compute.internal",
            "private_ip": "172.31.41.63",
            "public_dns": "ec2-34-220-235-81.us-west-2.compute.amazonaws.com",
            "public_ip": "34.220.235.81",
            "root_block_device": [
              {
                "delete_on_termination": true,
                "encrypted": true,
                "iops": 100,
                "kms_key_id": "arn:aws:kms:us-west-2:777829610915:key/06f62793-389d-48b6-b661-7cb130b25b55",
                "volume_id": "vol-0cde2e9e3459406ca",
                "volume_size": 10,
                "volume_type": "gp2"
              }
            ],
            "security_groups": [
              "apex_apartment",
              "intraconnected"
            ],
            "source_dest_check": true,
            "subnet_id": "subnet-be1026c9",
            "tags": null,
            "tenancy": "default",
            "timeouts": null,
            "user_data": null,
            "user_data_base64": null,
            "volume_tags": {},
            "vpc_security_group_ids": [
              "sg-0aa23889fe8f3c2cb",
              "sg-0f704637c94717d16"
            ]
          },
          "private": "eyJlMmJmYjczMC1lY2FhLTExZTYtOGY4OC0zNDM2M2JjN2M0YzAiOnsiY3JlYXRlIjo2MDAwMDAwMDAwMDAsImRlbGV0ZSI6MTIwMDAwMDAwMDAwMCwidXBkYXRlIjo2MDAwMDAwMDAwMDB9LCJzY2hlbWFfdmVyc2lvbiI6IjEifQ==",
          "dependencies": [
            "aws_key_pair.old_laptop_default",
            "aws_key_pair.t480_laptop",
            "aws_security_group.apex_apartment",
            "aws_security_group.intraconnected"
          ]
        }
      ]
    },
    {
      "mode": "managed",
      "type": "aws_key_pair",
      "name": "old_laptop_default",
      "provider": "provider.aws",
      "instances": [
        {
          "schema_version": 1,
          "attributes": {
            "fingerprint": "62:99:f0:d6:7f:41:20:ef:59:7b:ec:54:60:ba:3a:83",
            "id": "old-laptop-default",
            "key_name": "old-laptop-default",
            "key_name_prefix": null,
            "key_pair_id": "key-0203620f5f55b6a8e",
            "public_key": "ssh-rsa AAAAB3NzaC1yc2EAAAADAQABAAABAQDEnjGTmDBk5NmUbZwrr5Ymn+iSHozHWYucBvnew83toQYxC3cNN4qXqI/P4Owa6uYBQSmtUDdg+Ar8NyaW5rH74RuuEeijYEg3cklKv8kKwUQYOyh2+fe9FFB1IVeD5U4rnWFKYt6t2N2BbiqxJfqDMPtrjBEnl9dfBllMQGfpxReAEDRYi22jYgDSg0wBwKnBNYbR8zA42JFnduqYDij6AQVZbC9zrsfkl+Vs4xxuHutmzMARwmjSi45WqE1wD4TxuLWyblzW9CKMz6wcUbbAzHL5dWOUEg3J9x31uU67/mAXW2b1C27FTaOIgKrkVZNjlM9PEpfAPiDkHEm0wslH masnes@arch",
            "tags": {}
          }
        }
      ]
    },
    {
      "mode": "managed",
      "type": "aws_key_pair",
      "name": "t480_laptop",
      "provider": "provider.aws",
      "instances": [
        {
          "schema_version": 1,
          "attributes": {
            "fingerprint": "c0:09:e3:dc:cb:3e:7f:fa:df:d2:29:64:ce:07:c8:f1",
            "id": "t480-laptop-default",
            "key_name": "t480-laptop-default",
            "key_name_prefix": null,
            "key_pair_id": "key-0606342f093be7775",
            "public_key": "ssh-rsa AAAAB3NzaC1yc2EAAAADAQABAAACAQC+qa6VRnQlNWnyjXgJZu+zcc+FamiWQQQulHWs3ZZAY0iJTIqXKVuMHxqGbOcqqc+vbOxRZUGwq78baZj7soGLvPUW5o3Ipc5dIveQ01O4LpFzl8bfzLCkfdpsX6OCiCZ2k4w1TZUbOkQJS6qsFhmuTGSHTFbg7oR1PVnP58xHINnpxL4/uKPhWszcXQlfldpW4Bi8pbnyDUJbMCannJK2ERyrrPVjoE1V5Ajil0jluyKlkCR1t3jba/EaOqy1wYqvjiBtuO5lvOmRMTi7TujCE8c+INGDeHkqKhzZVBhqMQ/wjpAEEe8pyiodRv+5At6NrjgyC9RJtOMmkp3EXhA2kwIgqaRZ1etALCMyMFcp6djuBbtftmLzDPXhcm72+vxutRJxzYUoKIU0T5YogMjXbCDb2bnmRZlUSADKUFoMC7hTAFPU3YIAWNuIFSnL56pw+v4f6FeDrZY8JtZp2loZl8f3qSKCgDWH8LZdLbKC1bS41CTxvntg+i11MQOPvjlECLQGWB7vc8Z49G0ymBOe3y6xVOg5SaE+WxaHI7/Fy1RL+K/UopoSRta1++jF+ZeubSjZKg35U17X4wFJyOkZwLV3Htyk0hly9XBG2kUllrMbKEutv4y8zot8XMI1QsPoFRJkGaP4SCu8r0Jnpn2Ga5IVW8S826gUNxjSy+CcSQ== mike.asnes@gmail.com",
            "tags": {}
          }
        }
      ]
    },
    {
      "mode": "managed",
      "type": "aws_security_group",
      "name": "apex_apartment",
      "provider": "provider.aws",
      "instances": [
        {
          "schema_version": 1,
          "attributes": {
            "arn": "arn:aws:ec2:us-west-2:777829610915:security-group/sg-0f704637c94717d16",
            "description": "all access needs from my apex apartment",
            "egress": [
              {
                "cidr_blocks": [
                  "0.0.0.0/0"
                ],
                "description": "",
                "from_port": 0,
                "ipv6_cidr_blocks": [],
                "prefix_list_ids": [],
                "protocol": "-1",
                "security_groups": [],
                "self": false,
                "to_port": 0
              }
            ],
            "id": "sg-0f704637c94717d16",
            "ingress": [
              {
                "cidr_blocks": [
                  "73.78.216.54/32",
                  "73.229.170.110/32"
                ],
                "description": "",
                "from_port": 2049,
                "ipv6_cidr_blocks": [],
                "prefix_list_ids": [],
                "protocol": "tcp",
                "security_groups": [],
                "self": false,
                "to_port": 2049
              },
              {
                "cidr_blocks": [
                  "73.78.216.54/32",
                  "73.229.170.110/32"
                ],
                "description": "",
                "from_port": 22,
                "ipv6_cidr_blocks": [],
                "prefix_list_ids": [],
                "protocol": "tcp",
                "security_groups": [],
                "self": false,
                "to_port": 22
              }
            ],
            "name": "apex_apartment",
            "name_prefix": null,
            "owner_id": "777829610915",
            "revoke_rules_on_delete": false,
            "tags": null,
            "timeouts": null,
            "vpc_id": "vpc-ef9d928a"
          },
          "private": "eyJlMmJmYjczMC1lY2FhLTExZTYtOGY4OC0zNDM2M2JjN2M0YzAiOnsiY3JlYXRlIjo2MDAwMDAwMDAwMDAsImRlbGV0ZSI6NjAwMDAwMDAwMDAwfSwic2NoZW1hX3ZlcnNpb24iOiIxIn0="
        }
      ]
    },
    {
      "mode": "managed",
      "type": "aws_security_group",
      "name": "intraconnected",
      "provider": "provider.aws",
      "instances": [
        {
          "schema_version": 1,
          "attributes": {
            "arn": "arn:aws:ec2:us-west-2:777829610915:security-group/sg-0aa23889fe8f3c2cb",
            "description": "Allow members to connect to each other",
            "egress": [
              {
                "cidr_blocks": [],
                "description": "",
                "from_port": 0,
                "ipv6_cidr_blocks": [],
                "prefix_list_ids": [],
                "protocol": "-1",
                "security_groups": [],
                "self": true,
                "to_port": 0
              }
            ],
            "id": "sg-0aa23889fe8f3c2cb",
            "ingress": [
              {
                "cidr_blocks": [],
                "description": "",
                "from_port": 2049,
                "ipv6_cidr_blocks": [],
                "prefix_list_ids": [],
                "protocol": "tcp",
                "security_groups": [],
                "self": true,
                "to_port": 2049
              }
            ],
            "name": "intraconnected",
            "name_prefix": null,
            "owner_id": "777829610915",
            "revoke_rules_on_delete": false,
            "tags": null,
            "timeouts": null,
            "vpc_id": "vpc-ef9d928a"
          },
          "private": "eyJlMmJmYjczMC1lY2FhLTExZTYtOGY4OC0zNDM2M2JjN2M0YzAiOnsiY3JlYXRlIjo2MDAwMDAwMDAwMDAsImRlbGV0ZSI6NjAwMDAwMDAwMDAwfSwic2NoZW1hX3ZlcnNpb24iOiIxIn0="
        }
      ]
    }
  ]
}
